// !$*UTF8*$!
{
	archiveVersion = 1;
	classes = {
	};
	objectVersion = 77;
	objects = {

/* Begin PBXBuildFile section */
		F30FEAEA2DF905BC008E1ABA /* MotionManager.swift in Sources */ = {isa = PBXBuildFile; fileRef = F30FEAE92DF905B5008E1ABA /* MotionManager.swift */; };
		F30FEAEC2DFA46FF008E1ABA /* LabeledPlace.swift in Sources */ = {isa = PBXBuildFile; fileRef = F30FEAEB2DFA46EC008E1ABA /* LabeledPlace.swift */; };
		F30FEAEE2DFA4728008E1ABA /* LabeledPlaceStore.swift in Sources */ = {isa = PBXBuildFile; fileRef = F30FEAED2DFA471E008E1ABA /* LabeledPlaceStore.swift */; };
		F30FEAF02DFA4753008E1ABA /* ContextManager.swift in Sources */ = {isa = PBXBuildFile; fileRef = F30FEAEF2DFA474B008E1ABA /* ContextManager.swift */; };
		F30FEAF22DFC9220008E1ABA /* GroceryListManager.swift in Sources */ = {isa = PBXBuildFile; fileRef = F30FEAF12DFC9211008E1ABA /* GroceryListManager.swift */; };
		F30FEAF42DFC925D008E1ABA /* GroceryListView.swift in Sources */ = {isa = PBXBuildFile; fileRef = F30FEAF32DFC924E008E1ABA /* GroceryListView.swift */; };
		F30FEAF62DFC99D5008E1ABA /* VoiceCommandManager.swift in Sources */ = {isa = PBXBuildFile; fileRef = F30FEAF52DFC99CA008E1ABA /* VoiceCommandManager.swift */; };
		F30FEAF82DFCA8BE008E1ABA /* TraderJoesCupertino.gpx in Resources */ = {isa = PBXBuildFile; fileRef = F30FEAF72DFCA8BE008E1ABA /* TraderJoesCupertino.gpx */; };
		F30FEAFA2DFD13A2008E1ABA /* SpeechTestView.swift in Sources */ = {isa = PBXBuildFile; fileRef = F30FEAF92DFD1396008E1ABA /* SpeechTestView.swift */; };
		F30FEAFC2DFD3716008E1ABA /* SpeechHelper.swift in Sources */ = {isa = PBXBuildFile; fileRef = F30FEAFB2DFD370E008E1ABA /* SpeechHelper.swift */; };
/* End PBXBuildFile section */

/* Begin PBXContainerItemProxy section */
		F30FEAC62DF8E0A1008E1ABA /* PBXContainerItemProxy */ = {
			isa = PBXContainerItemProxy;
			containerPortal = F30FEAAF2DF8E09E008E1ABA /* Project object */;
			proxyType = 1;
			remoteGlobalIDString = F30FEAB62DF8E09E008E1ABA;
			remoteInfo = ProactiveAssistant;
		};
		F30FEAD02DF8E0A1008E1ABA /* PBXContainerItemProxy */ = {
			isa = PBXContainerItemProxy;
			containerPortal = F30FEAAF2DF8E09E008E1ABA /* Project object */;
			proxyType = 1;
			remoteGlobalIDString = F30FEAB62DF8E09E008E1ABA;
			remoteInfo = ProactiveAssistant;
		};
/* End PBXContainerItemProxy section */

/* Begin PBXFileReference section */
		F30FEAB72DF8E09E008E1ABA /* ProactiveAssistant.app */ = {isa = PBXFileReference; explicitFileType = wrapper.application; includeInIndex = 0; path = ProactiveAssistant.app; sourceTree = BUILT_PRODUCTS_DIR; };
		F30FEAC52DF8E0A1008E1ABA /* ProactiveAssistantTests.xctest */ = {isa = PBXFileReference; explicitFileType = wrapper.cfbundle; includeInIndex = 0; path = ProactiveAssistantTests.xctest; sourceTree = BUILT_PRODUCTS_DIR; };
		F30FEACF2DF8E0A1008E1ABA /* ProactiveAssistantUITests.xctest */ = {isa = PBXFileReference; explicitFileType = wrapper.cfbundle; includeInIndex = 0; path = ProactiveAssistantUITests.xctest; sourceTree = BUILT_PRODUCTS_DIR; };
		F30FEAE92DF905B5008E1ABA /* MotionManager.swift */ = {isa = PBXFileReference; lastKnownFileType = sourcecode.swift; path = MotionManager.swift; sourceTree = "<group>"; };
		F30FEAEB2DFA46EC008E1ABA /* LabeledPlace.swift */ = {isa = PBXFileReference; lastKnownFileType = sourcecode.swift; path = LabeledPlace.swift; sourceTree = "<group>"; };
		F30FEAED2DFA471E008E1ABA /* LabeledPlaceStore.swift */ = {isa = PBXFileReference; lastKnownFileType = sourcecode.swift; path = LabeledPlaceStore.swift; sourceTree = "<group>"; };
		F30FEAEF2DFA474B008E1ABA /* ContextManager.swift */ = {isa = PBXFileReference; lastKnownFileType = sourcecode.swift; path = ContextManager.swift; sourceTree = "<group>"; };
		F30FEAF12DFC9211008E1ABA /* GroceryListManager.swift */ = {isa = PBXFileReference; lastKnownFileType = sourcecode.swift; path = GroceryListManager.swift; sourceTree = "<group>"; };
		F30FEAF32DFC924E008E1ABA /* GroceryListView.swift */ = {isa = PBXFileReference; lastKnownFileType = sourcecode.swift; path = GroceryListView.swift; sourceTree = "<group>"; };
		F30FEAF52DFC99CA008E1ABA /* VoiceCommandManager.swift */ = {isa = PBXFileReference; lastKnownFileType = sourcecode.swift; path = VoiceCommandManager.swift; sourceTree = "<group>"; };
		F30FEAF72DFCA8BE008E1ABA /* TraderJoesCupertino.gpx */ = {isa = PBXFileReference; lastKnownFileType = text.xml; path = TraderJoesCupertino.gpx; sourceTree = "<group>"; };
		F30FEAF92DFD1396008E1ABA /* SpeechTestView.swift */ = {isa = PBXFileReference; lastKnownFileType = sourcecode.swift; path = SpeechTestView.swift; sourceTree = "<group>"; };
		F30FEAFB2DFD370E008E1ABA /* SpeechHelper.swift */ = {isa = PBXFileReference; lastKnownFileType = sourcecode.swift; path = SpeechHelper.swift; sourceTree = "<group>"; };
/* End PBXFileReference section */

/* Begin PBXFileSystemSynchronizedBuildFileExceptionSet section */
		F30FEAE62DF8FC0A008E1ABA /* Exceptions for "ProactiveAssistant" folder in "ProactiveAssistant" target */ = {
			isa = PBXFileSystemSynchronizedBuildFileExceptionSet;
			membershipExceptions = (
				Info.plist,
			);
			target = F30FEAB62DF8E09E008E1ABA /* ProactiveAssistant */;
		};
/* End PBXFileSystemSynchronizedBuildFileExceptionSet section */

/* Begin PBXFileSystemSynchronizedRootGroup section */
		F30FEAB92DF8E09E008E1ABA /* ProactiveAssistant */ = {
			isa = PBXFileSystemSynchronizedRootGroup;
			exceptions = (
				F30FEAE62DF8FC0A008E1ABA /* Exceptions for "ProactiveAssistant" folder in "ProactiveAssistant" target */,
			);
			path = ProactiveAssistant;
			sourceTree = "<group>";
		};
		F30FEAC82DF8E0A1008E1ABA /* ProactiveAssistantTests */ = {
			isa = PBXFileSystemSynchronizedRootGroup;
			path = ProactiveAssistantTests;
			sourceTree = "<group>";
		};
		F30FEAD22DF8E0A1008E1ABA /* ProactiveAssistantUITests */ = {
			isa = PBXFileSystemSynchronizedRootGroup;
			path = ProactiveAssistantUITests;
			sourceTree = "<group>";
		};
/* End PBXFileSystemSynchronizedRootGroup section */

/* Begin PBXFrameworksBuildPhase section */
		F30FEAB42DF8E09E008E1ABA /* Frameworks */ = {
			isa = PBXFrameworksBuildPhase;
			buildActionMask = 2147483647;
			files = (
			);
			runOnlyForDeploymentPostprocessing = 0;
		};
		F30FEAC22DF8E0A1008E1ABA /* Frameworks */ = {
			isa = PBXFrameworksBuildPhase;
			buildActionMask = 2147483647;
			files = (
			);
			runOnlyForDeploymentPostprocessing = 0;
		};
		F30FEACC2DF8E0A1008E1ABA /* Frameworks */ = {
			isa = PBXFrameworksBuildPhase;
			buildActionMask = 2147483647;
			files = (
			);
			runOnlyForDeploymentPostprocessing = 0;
		};
/* End PBXFrameworksBuildPhase section */

/* Begin PBXGroup section */
		F30FEAAE2DF8E09E008E1ABA = {
			isa = PBXGroup;
			children = (
				F30FEAFB2DFD370E008E1ABA /* SpeechHelper.swift */,
				F30FEAF92DFD1396008E1ABA /* SpeechTestView.swift */,
				F30FEAF52DFC99CA008E1ABA /* VoiceCommandManager.swift */,
				F30FEAF32DFC924E008E1ABA /* GroceryListView.swift */,
				F30FEAF72DFCA8BE008E1ABA /* TraderJoesCupertino.gpx */,
				F30FEAF12DFC9211008E1ABA /* GroceryListManager.swift */,
				F30FEAEF2DFA474B008E1ABA /* ContextManager.swift */,
				F30FEAED2DFA471E008E1ABA /* LabeledPlaceStore.swift */,
				F30FEAEB2DFA46EC008E1ABA /* LabeledPlace.swift */,
				F30FEAE92DF905B5008E1ABA /* MotionManager.swift */,
				F30FEAB92DF8E09E008E1ABA /* ProactiveAssistant */,
				F30FEAC82DF8E0A1008E1ABA /* ProactiveAssistantTests */,
				F30FEAD22DF8E0A1008E1ABA /* ProactiveAssistantUITests */,
				F30FEAB82DF8E09E008E1ABA /* Products */,
			);
			sourceTree = "<group>";
		};
		F30FEAB82DF8E09E008E1ABA /* Products */ = {
			isa = PBXGroup;
			children = (
				F30FEAB72DF8E09E008E1ABA /* ProactiveAssistant.app */,
				F30FEAC52DF8E0A1008E1ABA /* ProactiveAssistantTests.xctest */,
				F30FEACF2DF8E0A1008E1ABA /* ProactiveAssistantUITests.xctest */,
			);
			name = Products;
			sourceTree = "<group>";
		};
/* End PBXGroup section */

/* Begin PBXNativeTarget section */
		F30FEAB62DF8E09E008E1ABA /* ProactiveAssistant */ = {
			isa = PBXNativeTarget;
			buildConfigurationList = F30FEAD92DF8E0A1008E1ABA /* Build configuration list for PBXNativeTarget "ProactiveAssistant" */;
			buildPhases = (
				F30FEAB32DF8E09E008E1ABA /* Sources */,
				F30FEAB42DF8E09E008E1ABA /* Frameworks */,
				F30FEAB52DF8E09E008E1ABA /* Resources */,
			);
			buildRules = (
			);
			dependencies = (
			);
			fileSystemSynchronizedGroups = (
				F30FEAB92DF8E09E008E1ABA /* ProactiveAssistant */,
			);
			name = ProactiveAssistant;
			packageProductDependencies = (
			);
			productName = ProactiveAssistant;
			productReference = F30FEAB72DF8E09E008E1ABA /* ProactiveAssistant.app */;
			productType = "com.apple.product-type.application";
		};
		F30FEAC42DF8E0A1008E1ABA /* ProactiveAssistantTests */ = {
			isa = PBXNativeTarget;
			buildConfigurationList = F30FEADC2DF8E0A1008E1ABA /* Build configuration list for PBXNativeTarget "ProactiveAssistantTests" */;
			buildPhases = (
				F30FEAC12DF8E0A1008E1ABA /* Sources */,
				F30FEAC22DF8E0A1008E1ABA /* Frameworks */,
				F30FEAC32DF8E0A1008E1ABA /* Resources */,
			);
			buildRules = (
			);
			dependencies = (
				F30FEAC72DF8E0A1008E1ABA /* PBXTargetDependency */,
			);
			fileSystemSynchronizedGroups = (
				F30FEAC82DF8E0A1008E1ABA /* ProactiveAssistantTests */,
			);
			name = ProactiveAssistantTests;
			packageProductDependencies = (
			);
			productName = ProactiveAssistantTests;
			productReference = F30FEAC52DF8E0A1008E1ABA /* ProactiveAssistantTests.xctest */;
			productType = "com.apple.product-type.bundle.unit-test";
		};
		F30FEACE2DF8E0A1008E1ABA /* ProactiveAssistantUITests */ = {
			isa = PBXNativeTarget;
			buildConfigurationList = F30FEADF2DF8E0A1008E1ABA /* Build configuration list for PBXNativeTarget "ProactiveAssistantUITests" */;
			buildPhases = (
				F30FEACB2DF8E0A1008E1ABA /* Sources */,
				F30FEACC2DF8E0A1008E1ABA /* Frameworks */,
				F30FEACD2DF8E0A1008E1ABA /* Resources */,
			);
			buildRules = (
			);
			dependencies = (
				F30FEAD12DF8E0A1008E1ABA /* PBXTargetDependency */,
			);
			fileSystemSynchronizedGroups = (
				F30FEAD22DF8E0A1008E1ABA /* ProactiveAssistantUITests */,
			);
			name = ProactiveAssistantUITests;
			packageProductDependencies = (
			);
			productName = ProactiveAssistantUITests;
			productReference = F30FEACF2DF8E0A1008E1ABA /* ProactiveAssistantUITests.xctest */;
			productType = "com.apple.product-type.bundle.ui-testing";
		};
/* End PBXNativeTarget section */

/* Begin PBXProject section */
		F30FEAAF2DF8E09E008E1ABA /* Project object */ = {
			isa = PBXProject;
			attributes = {
				BuildIndependentTargetsInParallel = 1;
				LastSwiftUpdateCheck = 1640;
				LastUpgradeCheck = 1640;
				TargetAttributes = {
					F30FEAB62DF8E09E008E1ABA = {
						CreatedOnToolsVersion = 16.4;
					};
					F30FEAC42DF8E0A1008E1ABA = {
						CreatedOnToolsVersion = 16.4;
						TestTargetID = F30FEAB62DF8E09E008E1ABA;
					};
					F30FEACE2DF8E0A1008E1ABA = {
						CreatedOnToolsVersion = 16.4;
						TestTargetID = F30FEAB62DF8E09E008E1ABA;
					};
				};
			};
			buildConfigurationList = F30FEAB22DF8E09E008E1ABA /* Build configuration list for PBXProject "ProactiveAssistant" */;
			developmentRegion = en;
			hasScannedForEncodings = 0;
			knownRegions = (
				en,
				Base,
			);
			mainGroup = F30FEAAE2DF8E09E008E1ABA;
			minimizedProjectReferenceProxies = 1;
			preferredProjectObjectVersion = 77;
			productRefGroup = F30FEAB82DF8E09E008E1ABA /* Products */;
			projectDirPath = "";
			projectRoot = "";
			targets = (
				F30FEAB62DF8E09E008E1ABA /* ProactiveAssistant */,
				F30FEAC42DF8E0A1008E1ABA /* ProactiveAssistantTests */,
				F30FEACE2DF8E0A1008E1ABA /* ProactiveAssistantUITests */,
			);
		};
/* End PBXProject section */

/* Begin PBXResourcesBuildPhase section */
		F30FEAB52DF8E09E008E1ABA /* Resources */ = {
			isa = PBXResourcesBuildPhase;
			buildActionMask = 2147483647;
			files = (
				F30FEAF82DFCA8BE008E1ABA /* TraderJoesCupertino.gpx in Resources */,
			);
			runOnlyForDeploymentPostprocessing = 0;
		};
		F30FEAC32DF8E0A1008E1ABA /* Resources */ = {
			isa = PBXResourcesBuildPhase;
			buildActionMask = 2147483647;
			files = (
			);
			runOnlyForDeploymentPostprocessing = 0;
		};
		F30FEACD2DF8E0A1008E1ABA /* Resources */ = {
			isa = PBXResourcesBuildPhase;
			buildActionMask = 2147483647;
			files = (
			);
			runOnlyForDeploymentPostprocessing = 0;
		};
/* End PBXResourcesBuildPhase section */

/* Begin PBXSourcesBuildPhase section */
		F30FEAB32DF8E09E008E1ABA /* Sources */ = {
			isa = PBXSourcesBuildPhase;
			buildActionMask = 2147483647;
			files = (
				F30FEAF02DFA4753008E1ABA /* ContextManager.swift in Sources */,
				F30FEAF42DFC925D008E1ABA /* GroceryListView.swift in Sources */,
				F30FEAFA2DFD13A2008E1ABA /* SpeechTestView.swift in Sources */,
				F30FEAF62DFC99D5008E1ABA /* VoiceCommandManager.swift in Sources */,
				F30FEAFC2DFD3716008E1ABA /* SpeechHelper.swift in Sources */,
				F30FEAEE2DFA4728008E1ABA /* LabeledPlaceStore.swift in Sources */,
				F30FEAEA2DF905BC008E1ABA /* MotionManager.swift in Sources */,
				F30FEAEC2DFA46FF008E1ABA /* LabeledPlace.swift in Sources */,
				F30FEAF22DFC9220008E1ABA /* GroceryListManager.swift in Sources */,
			);
			runOnlyForDeploymentPostprocessing = 0;
		};
		F30FEAC12DF8E0A1008E1ABA /* Sources */ = {
			isa = PBXSourcesBuildPhase;
			buildActionMask = 2147483647;
			files = (
			);
			runOnlyForDeploymentPostprocessing = 0;
		};
		F30FEACB2DF8E0A1008E1ABA /* Sources */ = {
			isa = PBXSourcesBuildPhase;
			buildActionMask = 2147483647;
			files = (
			);
			runOnlyForDeploymentPostprocessing = 0;
		};
/* End PBXSourcesBuildPhase section */

/* Begin PBXTargetDependency section */
		F30FEAC72DF8E0A1008E1ABA /* PBXTargetDependency */ = {
			isa = PBXTargetDependency;
			target = F30FEAB62DF8E09E008E1ABA /* ProactiveAssistant */;
			targetProxy = F30FEAC62DF8E0A1008E1ABA /* PBXContainerItemProxy */;
		};
		F30FEAD12DF8E0A1008E1ABA /* PBXTargetDependency */ = {
			isa = PBXTargetDependency;
			target = F30FEAB62DF8E09E008E1ABA /* ProactiveAssistant */;
			targetProxy = F30FEAD02DF8E0A1008E1ABA /* PBXContainerItemProxy */;
		};
/* End PBXTargetDependency section */

/* Begin XCBuildConfiguration section */
		F30FEAD72DF8E0A1008E1ABA /* Debug */ = {
			isa = XCBuildConfiguration;
			buildSettings = {
				ALWAYS_SEARCH_USER_PATHS = NO;
				ASSETCATALOG_COMPILER_GENERATE_SWIFT_ASSET_SYMBOL_EXTENSIONS = YES;
				CLANG_ANALYZER_NONNULL = YES;
				CLANG_ANALYZER_NUMBER_OBJECT_CONVERSION = YES_AGGRESSIVE;
				CLANG_CXX_LANGUAGE_STANDARD = "gnu++20";
				CLANG_ENABLE_MODULES = YES;
				CLANG_ENABLE_OBJC_ARC = YES;
				CLANG_ENABLE_OBJC_WEAK = YES;
				CLANG_WARN_BLOCK_CAPTURE_AUTORELEASING = YES;
				CLANG_WARN_BOOL_CONVERSION = YES;
				CLANG_WARN_COMMA = YES;
				CLANG_WARN_CONSTANT_CONVERSION = YES;
				CLANG_WARN_DEPRECATED_OBJC_IMPLEMENTATIONS = YES;
				CLANG_WARN_DIRECT_OBJC_ISA_USAGE = YES_ERROR;
				CLANG_WARN_DOCUMENTATION_COMMENTS = YES;
				CLANG_WARN_EMPTY_BODY = YES;
				CLANG_WARN_ENUM_CONVERSION = YES;
				CLANG_WARN_INFINITE_RECURSION = YES;
				CLANG_WARN_INT_CONVERSION = YES;
				CLANG_WARN_NON_LITERAL_NULL_CONVERSION = YES;
				CLANG_WARN_OBJC_IMPLICIT_RETAIN_SELF = YES;
				CLANG_WARN_OBJC_LITERAL_CONVERSION = YES;
				CLANG_WARN_OBJC_ROOT_CLASS = YES_ERROR;
				CLANG_WARN_QUOTED_INCLUDE_IN_FRAMEWORK_HEADER = YES;
				CLANG_WARN_RANGE_LOOP_ANALYSIS = YES;
				CLANG_WARN_STRICT_PROTOTYPES = YES;
				CLANG_WARN_SUSPICIOUS_MOVE = YES;
				CLANG_WARN_UNGUARDED_AVAILABILITY = YES_AGGRESSIVE;
				CLANG_WARN_UNREACHABLE_CODE = YES;
				CLANG_WARN__DUPLICATE_METHOD_MATCH = YES;
				COPY_PHASE_STRIP = NO;
				DEBUG_INFORMATION_FORMAT = dwarf;
				DEVELOPMENT_TEAM = 8Z8ND6K5XF;
				ENABLE_STRICT_OBJC_MSGSEND = YES;
				ENABLE_TESTABILITY = YES;
				ENABLE_USER_SCRIPT_SANDBOXING = YES;
				GCC_C_LANGUAGE_STANDARD = gnu17;
				GCC_DYNAMIC_NO_PIC = NO;
				GCC_NO_COMMON_BLOCKS = YES;
				GCC_OPTIMIZATION_LEVEL = 0;
				GCC_PREPROCESSOR_DEFINITIONS = (
					"DEBUG=1",
					"$(inherited)",
				);
				GCC_WARN_64_TO_32_BIT_CONVERSION = YES;
				GCC_WARN_ABOUT_RETURN_TYPE = YES_ERROR;
				GCC_WARN_UNDECLARED_SELECTOR = YES;
				GCC_WARN_UNINITIALIZED_AUTOS = YES_AGGRESSIVE;
				GCC_WARN_UNUSED_FUNCTION = YES;
				GCC_WARN_UNUSED_VARIABLE = YES;
				LOCALIZATION_PREFERS_STRING_CATALOGS = YES;
				MTL_ENABLE_DEBUG_INFO = INCLUDE_SOURCE;
				MTL_FAST_MATH = YES;
				ONLY_ACTIVE_ARCH = YES;
				SWIFT_ACTIVE_COMPILATION_CONDITIONS = "DEBUG $(inherited)";
				SWIFT_OPTIMIZATION_LEVEL = "-Onone";
			};
			name = Debug;
		};
		F30FEAD82DF8E0A1008E1ABA /* Release */ = {
			isa = XCBuildConfiguration;
			buildSettings = {
				ALWAYS_SEARCH_USER_PATHS = NO;
				ASSETCATALOG_COMPILER_GENERATE_SWIFT_ASSET_SYMBOL_EXTENSIONS = YES;
				CLANG_ANALYZER_NONNULL = YES;
				CLANG_ANALYZER_NUMBER_OBJECT_CONVERSION = YES_AGGRESSIVE;
				CLANG_CXX_LANGUAGE_STANDARD = "gnu++20";
				CLANG_ENABLE_MODULES = YES;
				CLANG_ENABLE_OBJC_ARC = YES;
				CLANG_ENABLE_OBJC_WEAK = YES;
				CLANG_WARN_BLOCK_CAPTURE_AUTORELEASING = YES;
				CLANG_WARN_BOOL_CONVERSION = YES;
				CLANG_WARN_COMMA = YES;
				CLANG_WARN_CONSTANT_CONVERSION = YES;
				CLANG_WARN_DEPRECATED_OBJC_IMPLEMENTATIONS = YES;
				CLANG_WARN_DIRECT_OBJC_ISA_USAGE = YES_ERROR;
				CLANG_WARN_DOCUMENTATION_COMMENTS = YES;
				CLANG_WARN_EMPTY_BODY = YES;
				CLANG_WARN_ENUM_CONVERSION = YES;
				CLANG_WARN_INFINITE_RECURSION = YES;
				CLANG_WARN_INT_CONVERSION = YES;
				CLANG_WARN_NON_LITERAL_NULL_CONVERSION = YES;
				CLANG_WARN_OBJC_IMPLICIT_RETAIN_SELF = YES;
				CLANG_WARN_OBJC_LITERAL_CONVERSION = YES;
				CLANG_WARN_OBJC_ROOT_CLASS = YES_ERROR;
				CLANG_WARN_QUOTED_INCLUDE_IN_FRAMEWORK_HEADER = YES;
				CLANG_WARN_RANGE_LOOP_ANALYSIS = YES;
				CLANG_WARN_STRICT_PROTOTYPES = YES;
				CLANG_WARN_SUSPICIOUS_MOVE = YES;
				CLANG_WARN_UNGUARDED_AVAILABILITY = YES_AGGRESSIVE;
				CLANG_WARN_UNREACHABLE_CODE = YES;
				CLANG_WARN__DUPLICATE_METHOD_MATCH = YES;
				COPY_PHASE_STRIP = NO;
				DEBUG_INFORMATION_FORMAT = "dwarf-with-dsym";
				DEVELOPMENT_TEAM = 8Z8ND6K5XF;
				ENABLE_NS_ASSERTIONS = NO;
				ENABLE_STRICT_OBJC_MSGSEND = YES;
				ENABLE_USER_SCRIPT_SANDBOXING = YES;
				GCC_C_LANGUAGE_STANDARD = gnu17;
				GCC_NO_COMMON_BLOCKS = YES;
				GCC_WARN_64_TO_32_BIT_CONVERSION = YES;
				GCC_WARN_ABOUT_RETURN_TYPE = YES_ERROR;
				GCC_WARN_UNDECLARED_SELECTOR = YES;
				GCC_WARN_UNINITIALIZED_AUTOS = YES_AGGRESSIVE;
				GCC_WARN_UNUSED_FUNCTION = YES;
				GCC_WARN_UNUSED_VARIABLE = YES;
				LOCALIZATION_PREFERS_STRING_CATALOGS = YES;
				MTL_ENABLE_DEBUG_INFO = NO;
				MTL_FAST_MATH = YES;
				SWIFT_COMPILATION_MODE = wholemodule;
			};
			name = Release;
		};
		F30FEADA2DF8E0A1008E1ABA /* Debug */ = {
			isa = XCBuildConfiguration;
			buildSettings = {
				ASSETCATALOG_COMPILER_APPICON_NAME = AppIcon;
				ASSETCATALOG_COMPILER_GLOBAL_ACCENT_COLOR_NAME = AccentColor;
				CODE_SIGN_ENTITLEMENTS = ProactiveAssistant/ProactiveAssistant.entitlements;
				CODE_SIGN_STYLE = Automatic;
				CURRENT_PROJECT_VERSION = 1;
				DEVELOPMENT_TEAM = 8Z8ND6K5XF;
				ENABLE_HARDENED_RUNTIME = YES;
				ENABLE_PREVIEWS = YES;
				GENERATE_INFOPLIST_FILE = YES;
				INFOPLIST_FILE = ProactiveAssistant/Info.plist;
				"INFOPLIST_KEY_UIApplicationSceneManifest_Generation[sdk=iphoneos*]" = YES;
				"INFOPLIST_KEY_UIApplicationSceneManifest_Generation[sdk=iphonesimulator*]" = YES;
				"INFOPLIST_KEY_UIApplicationSupportsIndirectInputEvents[sdk=iphoneos*]" = YES;
				"INFOPLIST_KEY_UIApplicationSupportsIndirectInputEvents[sdk=iphonesimulator*]" = YES;
				"INFOPLIST_KEY_UILaunchScreen_Generation[sdk=iphoneos*]" = YES;
				"INFOPLIST_KEY_UILaunchScreen_Generation[sdk=iphonesimulator*]" = YES;
				"INFOPLIST_KEY_UIStatusBarStyle[sdk=iphoneos*]" = UIStatusBarStyleDefault;
				"INFOPLIST_KEY_UIStatusBarStyle[sdk=iphonesimulator*]" = UIStatusBarStyleDefault;
				INFOPLIST_KEY_UISupportedInterfaceOrientations_iPad = "UIInterfaceOrientationPortrait UIInterfaceOrientationPortraitUpsideDown UIInterfaceOrientationLandscapeLeft UIInterfaceOrientationLandscapeRight";
				INFOPLIST_KEY_UISupportedInterfaceOrientations_iPhone = "UIInterfaceOrientationPortrait UIInterfaceOrientationLandscapeLeft UIInterfaceOrientationLandscapeRight";
				IPHONEOS_DEPLOYMENT_TARGET = 18.5;
				LD_RUNPATH_SEARCH_PATHS = "@executable_path/Frameworks";
				"LD_RUNPATH_SEARCH_PATHS[sdk=macosx*]" = "@executable_path/../Frameworks";
				MACOSX_DEPLOYMENT_TARGET = 15.5;
				MARKETING_VERSION = 1.0;
				PRODUCT_BUNDLE_IDENTIFIER = com.rashid.proactiveassistant.ProactiveAssistant;
				PRODUCT_NAME = "$(TARGET_NAME)";
				REGISTER_APP_GROUPS = YES;
				SDKROOT = auto;
				SUPPORTED_PLATFORMS = "iphoneos iphonesimulator macosx xros xrsimulator";
				SWIFT_EMIT_LOC_STRINGS = YES;
				SWIFT_VERSION = 5.0;
				TARGETED_DEVICE_FAMILY = "1,2,7";
				XROS_DEPLOYMENT_TARGET = 2.5;
			};
			name = Debug;
		};
		F30FEADB2DF8E0A1008E1ABA /* Release */ = {
			isa = XCBuildConfiguration;
			buildSettings = {
				ASSETCATALOG_COMPILER_APPICON_NAME = AppIcon;
				ASSETCATALOG_COMPILER_GLOBAL_ACCENT_COLOR_NAME = AccentColor;
				CODE_SIGN_ENTITLEMENTS = ProactiveAssistant/ProactiveAssistant.entitlements;
				CODE_SIGN_STYLE = Automatic;
				CURRENT_PROJECT_VERSION = 1;
				DEVELOPMENT_TEAM = 8Z8ND6K5XF;
				ENABLE_HARDENED_RUNTIME = YES;
				ENABLE_PREVIEWS = YES;
				GENERATE_INFOPLIST_FILE = YES;
				INFOPLIST_FILE = ProactiveAssistant/Info.plist;
				"INFOPLIST_KEY_UIApplicationSceneManifest_Generation[sdk=iphoneos*]" = YES;
				"INFOPLIST_KEY_UIApplicationSceneManifest_Generation[sdk=iphonesimulator*]" = YES;
				"INFOPLIST_KEY_UIApplicationSupportsIndirectInputEvents[sdk=iphoneos*]" = YES;
				"INFOPLIST_KEY_UIApplicationSupportsIndirectInputEvents[sdk=iphonesimulator*]" = YES;
				"INFOPLIST_KEY_UILaunchScreen_Generation[sdk=iphoneos*]" = YES;
				"INFOPLIST_KEY_UILaunchScreen_Generation[sdk=iphonesimulator*]" = YES;
				"INFOPLIST_KEY_UIStatusBarStyle[sdk=iphoneos*]" = UIStatusBarStyleDefault;
				"INFOPLIST_KEY_UIStatusBarStyle[sdk=iphonesimulator*]" = UIStatusBarStyleDefault;
				INFOPLIST_KEY_UISupportedInterfaceOrientations_iPad = "UIInterfaceOrientationPortrait UIInterfaceOrientationPortraitUpsideDown UIInterfaceOrientationLandscapeLeft UIInterfaceOrientationLandscapeRight";
				INFOPLIST_KEY_UISupportedInterfaceOrientations_iPhone = "UIInterfaceOrientationPortrait UIInterfaceOrientationLandscapeLeft UIInterfaceOrientationLandscapeRight";
				IPHONEOS_DEPLOYMENT_TARGET = 18.5;
				LD_RUNPATH_SEARCH_PATHS = "@executable_path/Frameworks";
				"LD_RUNPATH_SEARCH_PATHS[sdk=macosx*]" = "@executable_path/../Frameworks";
				MACOSX_DEPLOYMENT_TARGET = 15.5;
				MARKETING_VERSION = 1.0;
				PRODUCT_BUNDLE_IDENTIFIER = com.rashid.proactiveassistant.ProactiveAssistant;
				PRODUCT_NAME = "$(TARGET_NAME)";
				REGISTER_APP_GROUPS = YES;
				SDKROOT = auto;
				SUPPORTED_PLATFORMS = "iphoneos iphonesimulator macosx xros xrsimulator";
				SWIFT_EMIT_LOC_STRINGS = YES;
				SWIFT_VERSION = 5.0;
				TARGETED_DEVICE_FAMILY = "1,2,7";
				XROS_DEPLOYMENT_TARGET = 2.5;
			};
			name = Release;
		};
		F30FEADD2DF8E0A1008E1ABA /* Debug */ = {
			isa = XCBuildConfiguration;
			buildSettings = {
				BUNDLE_LOADER = "$(TEST_HOST)";
				CODE_SIGN_STYLE = Automatic;
				CURRENT_PROJECT_VERSION = 1;
				DEVELOPMENT_TEAM = 8Z8ND6K5XF;
				GENERATE_INFOPLIST_FILE = YES;
				IPHONEOS_DEPLOYMENT_TARGET = 18.5;
				MACOSX_DEPLOYMENT_TARGET = 15.5;
				MARKETING_VERSION = 1.0;
				PRODUCT_BUNDLE_IDENTIFIER = com.rashid.proactiveassistant.ProactiveAssistantTests;
				PRODUCT_NAME = "$(TARGET_NAME)";
				SDKROOT = auto;
				SUPPORTED_PLATFORMS = "iphoneos iphonesimulator macosx xros xrsimulator";
				SWIFT_EMIT_LOC_STRINGS = NO;
				SWIFT_VERSION = 5.0;
				TARGETED_DEVICE_FAMILY = "1,2,7";
				TEST_HOST = "$(BUILT_PRODUCTS_DIR)/ProactiveAssistant.app/$(BUNDLE_EXECUTABLE_FOLDER_PATH)/ProactiveAssistant";
				XROS_DEPLOYMENT_TARGET = 2.5;
			};
			name = Debug;
		};
		F30FEADE2DF8E0A1008E1ABA /* Release */ = {
			isa = XCBuildConfiguration;
			buildSettings = {
				BUNDLE_LOADER = "$(TEST_HOST)";
				CODE_SIGN_STYLE = Automatic;
				CURRENT_PROJECT_VERSION = 1;
				DEVELOPMENT_TEAM = 8Z8ND6K5XF;
				GENERATE_INFOPLIST_FILE = YES;
				IPHONEOS_DEPLOYMENT_TARGET = 18.5;
				MACOSX_DEPLOYMENT_TARGET = 15.5;
				MARKETING_VERSION = 1.0;
				PRODUCT_BUNDLE_IDENTIFIER = com.rashid.proactiveassistant.ProactiveAssistantTests;
				PRODUCT_NAME = "$(TARGET_NAME)";
				SDKROOT = auto;
				SUPPORTED_PLATFORMS = "iphoneos iphonesimulator macosx xros xrsimulator";
				SWIFT_EMIT_LOC_STRINGS = NO;
				SWIFT_VERSION = 5.0;
				TARGETED_DEVICE_FAMILY = "1,2,7";
				TEST_HOST = "$(BUILT_PRODUCTS_DIR)/ProactiveAssistant.app/$(BUNDLE_EXECUTABLE_FOLDER_PATH)/ProactiveAssistant";
				XROS_DEPLOYMENT_TARGET = 2.5;
			};
			name = Release;
		};
		F30FEAE02DF8E0A1008E1ABA /* Debug */ = {
			isa = XCBuildConfiguration;
			buildSettings = {
				CODE_SIGN_STYLE = Automatic;
				CURRENT_PROJECT_VERSION = 1;
				DEVELOPMENT_TEAM = 8Z8ND6K5XF;
				GENERATE_INFOPLIST_FILE = YES;
				IPHONEOS_DEPLOYMENT_TARGET = 18.5;
				MACOSX_DEPLOYMENT_TARGET = 15.5;
				MARKETING_VERSION = 1.0;
				PRODUCT_BUNDLE_IDENTIFIER = com.rashid.proactiveassistant.ProactiveAssistantUITests;
				PRODUCT_NAME = "$(TARGET_NAME)";
				SDKROOT = auto;
				SUPPORTED_PLATFORMS = "iphoneos iphonesimulator macosx xros xrsimulator";
				SWIFT_EMIT_LOC_STRINGS = NO;
				SWIFT_VERSION = 5.0;
				TARGETED_DEVICE_FAMILY = "1,2,7";
				TEST_TARGET_NAME = ProactiveAssistant;
				XROS_DEPLOYMENT_TARGET = 2.5;
			};
			name = Debug;
		};
		F30FEAE12DF8E0A1008E1ABA /* Release */ = {
			isa = XCBuildConfiguration;
			buildSettings = {
				CODE_SIGN_STYLE = Automatic;
				CURRENT_PROJECT_VERSION = 1;
				DEVELOPMENT_TEAM = 8Z8ND6K5XF;
				GENERATE_INFOPLIST_FILE = YES;
				IPHONEOS_DEPLOYMENT_TARGET = 18.5;
				MACOSX_DEPLOYMENT_TARGET = 15.5;
				MARKETING_VERSION = 1.0;
				PRODUCT_BUNDLE_IDENTIFIER = com.rashid.proactiveassistant.ProactiveAssistantUITests;
				PRODUCT_NAME = "$(TARGET_NAME)";
				SDKROOT = auto;
				SUPPORTED_PLATFORMS = "iphoneos iphonesimulator macosx xros xrsimulator";
				SWIFT_EMIT_LOC_STRINGS = NO;
				SWIFT_VERSION = 5.0;
				TARGETED_DEVICE_FAMILY = "1,2,7";
				TEST_TARGET_NAME = ProactiveAssistant;
				XROS_DEPLOYMENT_TARGET = 2.5;
			};
			name = Release;
		};
/* End XCBuildConfiguration section */

/* Begin XCConfigurationList section */
		F30FEAB22DF8E09E008E1ABA /* Build configuration list for PBXProject "ProactiveAssistant" */ = {
			isa = XCConfigurationList;
			buildConfigurations = (
				F30FEAD72DF8E0A1008E1ABA /* Debug */,
				F30FEAD82DF8E0A1008E1ABA /* Release */,
			);
			defaultConfigurationIsVisible = 0;
			defaultConfigurationName = Release;
		};
		F30FEAD92DF8E0A1008E1ABA /* Build configuration list for PBXNativeTarget "ProactiveAssistant" */ = {
			isa = XCConfigurationList;
			buildConfigurations = (
				F30FEADA2DF8E0A1008E1ABA /* Debug */,
				F30FEADB2DF8E0A1008E1ABA /* Release */,
			);
			defaultConfigurationIsVisible = 0;
			defaultConfigurationName = Release;
		};
		F30FEADC2DF8E0A1008E1ABA /* Build configuration list for PBXNativeTarget "ProactiveAssistantTests" */ = {
			isa = XCConfigurationList;
			buildConfigurations = (
				F30FEADD2DF8E0A1008E1ABA /* Debug */,
				F30FEADE2DF8E0A1008E1ABA /* Release */,
			);
			defaultConfigurationIsVisible = 0;
			defaultConfigurationName = Release;
		};
		F30FEADF2DF8E0A1008E1ABA /* Build configuration list for PBXNativeTarget "ProactiveAssistantUITests" */ = {
			isa = XCConfigurationList;
			buildConfigurations = (
				F30FEAE02DF8E0A1008E1ABA /* Debug */,
				F30FEAE12DF8E0A1008E1ABA /* Release */,
			);
			defaultConfigurationIsVisible = 0;
			defaultConfigurationName = Release;
		};
/* End XCConfigurationList section */
	};
	rootObject = F30FEAAF2DF8E09E008E1ABA /* Project object */;
}
